// !$*UTF8*$!
{
	archiveVersion = 1;
	classes = {
	};
	objectVersion = 50;
	objects = {

/* Begin PBXFileReference section */
		1119E07F245C0D030038D21A /* style.css */ = {isa = PBXFileReference; lastKnownFileType = text.css; path = style.css; sourceTree = "<group>"; };
		114DF18E24921F5700E5D9F0 /* GIG.html */ = {isa = PBXFileReference; lastKnownFileType = text.html; path = GIG.html; sourceTree = "<group>"; };
		114DF18F2492B8FE00E5D9F0 /* mSignIn.html */ = {isa = PBXFileReference; lastKnownFileType = text.html; path = mSignIn.html; sourceTree = "<group>"; };
		114DF190249496B900E5D9F0 /* vSignIn.html */ = {isa = PBXFileReference; lastKnownFileType = text.html; path = vSignIn.html; sourceTree = "<group>"; };
		114DF191249496F300E5D9F0 /* mProfile.html */ = {isa = PBXFileReference; lastKnownFileType = text.html; path = mProfile.html; sourceTree = "<group>"; };
		114DF1922494970100E5D9F0 /* vProfile.html */ = {isa = PBXFileReference; lastKnownFileType = text.html; path = vProfile.html; sourceTree = "<group>"; };
		114DF1932494970D00E5D9F0 /* mHome.html */ = {isa = PBXFileReference; lastKnownFileType = text.html; path = mHome.html; sourceTree = "<group>"; };
		114DF1942494971700E5D9F0 /* vHome.html */ = {isa = PBXFileReference; lastKnownFileType = text.html; path = vHome.html; sourceTree = "<group>"; };
		11674992249761AA00728002 /* profile.css */ = {isa = PBXFileReference; lastKnownFileType = text.css; path = profile.css; sourceTree = "<group>"; };
		116749932497E44E00728002 /* java.js */ = {isa = PBXFileReference; lastKnownFileType = sourcecode.javascript; path = java.js; sourceTree = "<group>"; };
		116749942499578600728002 /* 1.png */ = {isa = PBXFileReference; lastKnownFileType = image.png; name = 1.png; path = "../../anaconda3/pkgs/libxml2-2.9.8-hab757c2_1/share/doc/libxml2-2.9.8/html/tutorial/images/callouts/1.png"; sourceTree = "<group>"; };
		116749952499675C00728002 /* me.jpg */ = {isa = PBXFileReference; lastKnownFileType = image.jpeg; path = me.jpg; sourceTree = "<group>"; };
		116ADF642383061500BD470C /* Resume.html */ = {isa = PBXFileReference; lastKnownFileType = text.html; path = Resume.html; sourceTree = "<group>"; };
		11E8F051237E1493003728A9 /* code.html */ = {isa = PBXFileReference; lastKnownFileType = text.html; path = code.html; sourceTree = "<group>"; };
		11EE3BAE238E55EA000314EF /* whoIAm.html */ = {isa = PBXFileReference; lastKnownFileType = text.html; path = whoIAm.html; sourceTree = "<group>"; };
		11EE3BAF238E5EB8000314EF /* future.html */ = {isa = PBXFileReference; lastKnownFileType = text.html; path = future.html; sourceTree = "<group>"; };
		11FAF2A924563397009CD4E5 /* Resume 2020.pdf */ = {isa = PBXFileReference; lastKnownFileType = image.pdf; name = "Resume 2020.pdf"; path = "../Resume 2020.pdf"; sourceTree = "<group>"; };
/* End PBXFileReference section */

/* Begin PBXGroup section */
		11E8F04A237E147B003728A9 = {
			isa = PBXGroup;
			children = (
				116749932497E44E00728002 /* java.js */,
				11674992249761AA00728002 /* profile.css */,
				114DF1942494971700E5D9F0 /* vHome.html */,
				114DF1932494970D00E5D9F0 /* mHome.html */,
				114DF1922494970100E5D9F0 /* vProfile.html */,
				114DF191249496F300E5D9F0 /* mProfile.html */,
				114DF190249496B900E5D9F0 /* vSignIn.html */,
				114DF18F2492B8FE00E5D9F0 /* mSignIn.html */,
				114DF18E24921F5700E5D9F0 /* GIG.html */,
				1119E07F245C0D030038D21A /* style.css */,
				11EE3BAF238E5EB8000314EF /* future.html */,
				11EE3BAE238E55EA000314EF /* whoIAm.html */,
				11FAF2A924563397009CD4E5 /* Resume 2020.pdf */,
				116ADF642383061500BD470C /* Resume.html */,
				11E8F051237E1493003728A9 /* code.html */,
				116749942499578600728002 /* 1.png */,
				116749952499675C00728002 /* me.jpg */,
			);
			sourceTree = "<group>";
		};
/* End PBXGroup section */

/* Begin PBXProject section */
		11E8F04B237E147B003728A9 /* Project object */ = {
			isa = PBXProject;
			attributes = {
				LastUpgradeCheck = 0940;
			};
			buildConfigurationList = 11E8F04E237E147B003728A9 /* Build configuration list for PBXProject "website" */;
			compatibilityVersion = "Xcode 9.3";
			developmentRegion = en;
			hasScannedForEncodings = 0;
			knownRegions = (
				en,
			);
			mainGroup = 11E8F04A237E147B003728A9;
			projectDirPath = "";
			projectRoot = "";
			targets = (
			);
		};
/* End PBXProject section */

/* Begin XCBuildConfiguration section */
		11E8F04F237E147B003728A9 /* Debug */ = {
			isa = XCBuildConfiguration;
			buildSettings = {
			};
			name = Debug;
		};
		11E8F050237E147B003728A9 /* Release */ = {
			isa = XCBuildConfiguration;
			buildSettings = {
			};
			name = Release;
		};
/* End XCBuildConfiguration section */

/* Begin XCConfigurationList section */
		11E8F04E237E147B003728A9 /* Build configuration list for PBXProject "website" */ = {
			isa = XCConfigurationList;
			buildConfigurations = (
				11E8F04F237E147B003728A9 /* Debug */,
				11E8F050237E147B003728A9 /* Release */,
			);
			defaultConfigurationIsVisible = 0;
			defaultConfigurationName = Release;
		};
/* End XCConfigurationList section */
	};
	rootObject = 11E8F04B237E147B003728A9 /* Project object */;
}
